// !$*UTF8*$!
{
	archiveVersion = 1;
	classes = {
	};
	objectVersion = 46;
	objects = {

/* Begin PBXBuildFile section */
		09058EBE1E51E6CE00888C6B /* DetailViewController.swift in Sources */ = {isa = PBXBuildFile; fileRef = 09058EBD1E51E6CE00888C6B /* DetailViewController.swift */; };
		09058EC01E521F9D00888C6B /* CellDecorator.swift in Sources */ = {isa = PBXBuildFile; fileRef = 09058EBF1E521F9D00888C6B /* CellDecorator.swift */; };
		09058EC21E5222C300888C6B /* NetworkLayer.swift in Sources */ = {isa = PBXBuildFile; fileRef = 09058EC11E5222C300888C6B /* NetworkLayer.swift */; };
		09070B111E534DFD0097A293 /* UIProblemsViewController.xib in Resources */ = {isa = PBXBuildFile; fileRef = 09070B0F1E534DFD0097A293 /* UIProblemsViewController.xib */; };
		092E76021E395CBF00FBAA31 /* AppDelegate.swift in Sources */ = {isa = PBXBuildFile; fileRef = 092E76011E395CBF00FBAA31 /* AppDelegate.swift */; };
		092E76041E395CBF00FBAA31 /* TableViewController.swift in Sources */ = {isa = PBXBuildFile; fileRef = 092E76031E395CBF00FBAA31 /* TableViewController.swift */; };
		092E76071E395CBF00FBAA31 /* Main.storyboard in Resources */ = {isa = PBXBuildFile; fileRef = 092E76051E395CBF00FBAA31 /* Main.storyboard */; };
		092E76091E395CBF00FBAA31 /* Assets.xcassets in Resources */ = {isa = PBXBuildFile; fileRef = 092E76081E395CBF00FBAA31 /* Assets.xcassets */; };
		092E760C1E395CBF00FBAA31 /* LaunchScreen.storyboard in Resources */ = {isa = PBXBuildFile; fileRef = 092E760A1E395CBF00FBAA31 /* LaunchScreen.storyboard */; };
		092E76141E395F5100FBAA31 /* CustomCell.swift in Sources */ = {isa = PBXBuildFile; fileRef = 092E76131E395F5100FBAA31 /* CustomCell.swift */; };
		092E76161E395F9700FBAA31 /* RowType.swift in Sources */ = {isa = PBXBuildFile; fileRef = 092E76151E395F9700FBAA31 /* RowType.swift */; };
		092E76181E395FCA00FBAA31 /* DataLayer.swift in Sources */ = {isa = PBXBuildFile; fileRef = 092E76171E395FCA00FBAA31 /* DataLayer.swift */; };
		092E761A1E39686800FBAA31 /* TableViewModel.swift in Sources */ = {isa = PBXBuildFile; fileRef = 092E76191E39686800FBAA31 /* TableViewModel.swift */; };
		0979BD4D1E524CCE00883D28 /* UIProblemsViewController.swift in Sources */ = {isa = PBXBuildFile; fileRef = 0979BD4B1E524CCE00883D28 /* UIProblemsViewController.swift */; };
/* End PBXBuildFile section */

/* Begin PBXFileReference section */
		09058EBD1E51E6CE00888C6B /* DetailViewController.swift */ = {isa = PBXFileReference; fileEncoding = 4; lastKnownFileType = sourcecode.swift; path = DetailViewController.swift; sourceTree = "<group>"; };
		09058EBF1E521F9D00888C6B /* CellDecorator.swift */ = {isa = PBXFileReference; fileEncoding = 4; lastKnownFileType = sourcecode.swift; path = CellDecorator.swift; sourceTree = "<group>"; };
		09058EC11E5222C300888C6B /* NetworkLayer.swift */ = {isa = PBXFileReference; fileEncoding = 4; lastKnownFileType = sourcecode.swift; path = NetworkLayer.swift; sourceTree = "<group>"; };
		09070B0F1E534DFD0097A293 /* UIProblemsViewController.xib */ = {isa = PBXFileReference; fileEncoding = 4; lastKnownFileType = file.xib; path = UIProblemsViewController.xib; sourceTree = "<group>"; };
		092E75FE1E395CBF00FBAA31 /* TooManySecrets.app */ = {isa = PBXFileReference; explicitFileType = wrapper.application; includeInIndex = 0; path = TooManySecrets.app; sourceTree = BUILT_PRODUCTS_DIR; };
		092E76011E395CBF00FBAA31 /* AppDelegate.swift */ = {isa = PBXFileReference; lastKnownFileType = sourcecode.swift; path = AppDelegate.swift; sourceTree = "<group>"; };
		092E76031E395CBF00FBAA31 /* TableViewController.swift */ = {isa = PBXFileReference; lastKnownFileType = sourcecode.swift; path = TableViewController.swift; sourceTree = "<group>"; };
		092E76061E395CBF00FBAA31 /* Base */ = {isa = PBXFileReference; lastKnownFileType = file.storyboard; name = Base; path = Base.lproj/Main.storyboard; sourceTree = "<group>"; };
		092E76081E395CBF00FBAA31 /* Assets.xcassets */ = {isa = PBXFileReference; lastKnownFileType = folder.assetcatalog; path = Assets.xcassets; sourceTree = "<group>"; };
		092E760B1E395CBF00FBAA31 /* Base */ = {isa = PBXFileReference; lastKnownFileType = file.storyboard; name = Base; path = Base.lproj/LaunchScreen.storyboard; sourceTree = "<group>"; };
		092E760D1E395CBF00FBAA31 /* Info.plist */ = {isa = PBXFileReference; lastKnownFileType = text.plist.xml; path = Info.plist; sourceTree = "<group>"; };
		092E76131E395F5100FBAA31 /* CustomCell.swift */ = {isa = PBXFileReference; fileEncoding = 4; lastKnownFileType = sourcecode.swift; path = CustomCell.swift; sourceTree = "<group>"; };
		092E76151E395F9700FBAA31 /* RowType.swift */ = {isa = PBXFileReference; fileEncoding = 4; lastKnownFileType = sourcecode.swift; lineEnding = 0; path = RowType.swift; sourceTree = "<group>"; xcLanguageSpecificationIdentifier = xcode.lang.swift; };
		092E76171E395FCA00FBAA31 /* DataLayer.swift */ = {isa = PBXFileReference; fileEncoding = 4; lastKnownFileType = sourcecode.swift; path = DataLayer.swift; sourceTree = "<group>"; };
		092E76191E39686800FBAA31 /* TableViewModel.swift */ = {isa = PBXFileReference; fileEncoding = 4; lastKnownFileType = sourcecode.swift; lineEnding = 0; path = TableViewModel.swift; sourceTree = "<group>"; xcLanguageSpecificationIdentifier = xcode.lang.swift; };
		0979BD4B1E524CCE00883D28 /* UIProblemsViewController.swift */ = {isa = PBXFileReference; fileEncoding = 4; lastKnownFileType = sourcecode.swift; path = UIProblemsViewController.swift; sourceTree = "<group>"; };
/* End PBXFileReference section */

/* Begin PBXFrameworksBuildPhase section */
		092E75FB1E395CBF00FBAA31 /* Frameworks */ = {
			isa = PBXFrameworksBuildPhase;
			buildActionMask = 2147483647;
			files = (
			);
			runOnlyForDeploymentPostprocessing = 0;
		};
/* End PBXFrameworksBuildPhase section */

/* Begin PBXGroup section */
		09058EC31E522B5200888C6B /* Memory */ = {
			isa = PBXGroup;
			children = (
				09058EBF1E521F9D00888C6B /* CellDecorator.swift */,
			);
			name = Memory;
			sourceTree = "<group>";
		};
		09058EC41E522B6300888C6B /* Accessibility */ = {
			isa = PBXGroup;
			children = (
				092E76131E395F5100FBAA31 /* CustomCell.swift */,
			);
			name = Accessibility;
			sourceTree = "<group>";
		};
		092E75F51E395CBF00FBAA31 = {
			isa = PBXGroup;
			children = (
				092E76001E395CBF00FBAA31 /* TooManySecrets */,
				092E75FF1E395CBF00FBAA31 /* Products */,
			);
			sourceTree = "<group>";
		};
		092E75FF1E395CBF00FBAA31 /* Products */ = {
			isa = PBXGroup;
			children = (
				092E75FE1E395CBF00FBAA31 /* TooManySecrets.app */,
			);
			name = Products;
			sourceTree = "<group>";
		};
		092E76001E395CBF00FBAA31 /* TooManySecrets */ = {
			isa = PBXGroup;
			children = (
				0979BD4A1E524C7300883D28 /* Problems */,
				092E761D1E396C8A00FBAA31 /* Contollers */,
				092E761C1E396C8500FBAA31 /* Supporting Classes */,
				092E761B1E396C5500FBAA31 /* Ignore */,
			);
			path = TooManySecrets;
			sourceTree = "<group>";
		};
		092E761B1E396C5500FBAA31 /* Ignore */ = {
			isa = PBXGroup;
			children = (
				092E76011E395CBF00FBAA31 /* AppDelegate.swift */,
				092E760A1E395CBF00FBAA31 /* LaunchScreen.storyboard */,
				092E760D1E395CBF00FBAA31 /* Info.plist */,
				092E76081E395CBF00FBAA31 /* Assets.xcassets */,
			);
			name = Ignore;
			sourceTree = "<group>";
		};
		092E761C1E396C8500FBAA31 /* Supporting Classes */ = {
			isa = PBXGroup;
			children = (
				09058EC11E5222C300888C6B /* NetworkLayer.swift */,
				092E76151E395F9700FBAA31 /* RowType.swift */,
			);
			name = "Supporting Classes";
			sourceTree = "<group>";
		};
		092E761D1E396C8A00FBAA31 /* Contollers */ = {
			isa = PBXGroup;
			children = (
				092E76051E395CBF00FBAA31 /* Main.storyboard */,
				09058EBD1E51E6CE00888C6B /* DetailViewController.swift */,
				092E76031E395CBF00FBAA31 /* TableViewController.swift */,
			);
			name = Contollers;
			sourceTree = "<group>";
		};
		092E761E1E39707700FBAA31 /* Threading */ = {
			isa = PBXGroup;
			children = (
				092E76191E39686800FBAA31 /* TableViewModel.swift */,
				092E76171E395FCA00FBAA31 /* DataLayer.swift */,
			);
			name = Threading;
			sourceTree = "<group>";
		};
		0979BD491E524C5E00883D28 /* UI */ = {
			isa = PBXGroup;
			children = (
				0979BD4B1E524CCE00883D28 /* UIProblemsViewController.swift */,
				09070B0F1E534DFD0097A293 /* UIProblemsViewController.xib */,
			);
			name = UI;
			sourceTree = "<group>";
		};
		0979BD4A1E524C7300883D28 /* Problems */ = {
			isa = PBXGroup;
			children = (
				09058EC41E522B6300888C6B /* Accessibility */,
				09058EC31E522B5200888C6B /* Memory */,
				092E761E1E39707700FBAA31 /* Threading */,
				0979BD491E524C5E00883D28 /* UI */,
			);
			name = Problems;
			sourceTree = "<group>";
		};
/* End PBXGroup section */

/* Begin PBXNativeTarget section */
		092E75FD1E395CBF00FBAA31 /* TooManySecrets */ = {
			isa = PBXNativeTarget;
			buildConfigurationList = 092E76101E395CBF00FBAA31 /* Build configuration list for PBXNativeTarget "TooManySecrets" */;
			buildPhases = (
				092E75FA1E395CBF00FBAA31 /* Sources */,
				092E75FB1E395CBF00FBAA31 /* Frameworks */,
				092E75FC1E395CBF00FBAA31 /* Resources */,
			);
			buildRules = (
			);
			dependencies = (
			);
			name = TooManySecrets;
			productName = TooManySecrets;
			productReference = 092E75FE1E395CBF00FBAA31 /* TooManySecrets.app */;
			productType = "com.apple.product-type.application";
		};
/* End PBXNativeTarget section */

/* Begin PBXProject section */
		092E75F61E395CBF00FBAA31 /* Project object */ = {
			isa = PBXProject;
			attributes = {
				LastSwiftUpdateCheck = 0820;
				LastUpgradeCheck = 0820;
				ORGANIZATIONNAME = "Jon Bott";
				TargetAttributes = {
					092E75FD1E395CBF00FBAA31 = {
						CreatedOnToolsVersion = 8.2.1;
						DevelopmentTeam = 6A4W4G6ZCH;
						LastSwiftMigration = 0910;
						ProvisioningStyle = Automatic;
					};
				};
			};
			buildConfigurationList = 092E75F91E395CBF00FBAA31 /* Build configuration list for PBXProject "TooManySecrets" */;
			compatibilityVersion = "Xcode 3.2";
			developmentRegion = English;
			hasScannedForEncodings = 0;
			knownRegions = (
				en,
				Base,
			);
			mainGroup = 092E75F51E395CBF00FBAA31;
			productRefGroup = 092E75FF1E395CBF00FBAA31 /* Products */;
			projectDirPath = "";
			projectRoot = "";
			targets = (
				092E75FD1E395CBF00FBAA31 /* TooManySecrets */,
			);
		};
/* End PBXProject section */

/* Begin PBXResourcesBuildPhase section */
		092E75FC1E395CBF00FBAA31 /* Resources */ = {
			isa = PBXResourcesBuildPhase;
			buildActionMask = 2147483647;
			files = (
				092E760C1E395CBF00FBAA31 /* LaunchScreen.storyboard in Resources */,
				092E76091E395CBF00FBAA31 /* Assets.xcassets in Resources */,
				09070B111E534DFD0097A293 /* UIProblemsViewController.xib in Resources */,
				092E76071E395CBF00FBAA31 /* Main.storyboard in Resources */,
			);
			runOnlyForDeploymentPostprocessing = 0;
		};
/* End PBXResourcesBuildPhase section */

/* Begin PBXSourcesBuildPhase section */
		092E75FA1E395CBF00FBAA31 /* Sources */ = {
			isa = PBXSourcesBuildPhase;
			buildActionMask = 2147483647;
			files = (
				0979BD4D1E524CCE00883D28 /* UIProblemsViewController.swift in Sources */,
				09058EC21E5222C300888C6B /* NetworkLayer.swift in Sources */,
				092E76041E395CBF00FBAA31 /* TableViewController.swift in Sources */,
				09058EC01E521F9D00888C6B /* CellDecorator.swift in Sources */,
				092E76181E395FCA00FBAA31 /* DataLayer.swift in Sources */,
				092E76141E395F5100FBAA31 /* CustomCell.swift in Sources */,
				092E761A1E39686800FBAA31 /* TableViewModel.swift in Sources */,
				092E76021E395CBF00FBAA31 /* AppDelegate.swift in Sources */,
				092E76161E395F9700FBAA31 /* RowType.swift in Sources */,
				09058EBE1E51E6CE00888C6B /* DetailViewController.swift in Sources */,
			);
			runOnlyForDeploymentPostprocessing = 0;
		};
/* End PBXSourcesBuildPhase section */

/* Begin PBXVariantGroup section */
		092E76051E395CBF00FBAA31 /* Main.storyboard */ = {
			isa = PBXVariantGroup;
			children = (
				092E76061E395CBF00FBAA31 /* Base */,
			);
			name = Main.storyboard;
			sourceTree = "<group>";
		};
		092E760A1E395CBF00FBAA31 /* LaunchScreen.storyboard */ = {
			isa = PBXVariantGroup;
			children = (
				092E760B1E395CBF00FBAA31 /* Base */,
			);
			name = LaunchScreen.storyboard;
			sourceTree = "<group>";
		};
/* End PBXVariantGroup section */

/* Begin XCBuildConfiguration section */
		092E760E1E395CBF00FBAA31 /* Debug */ = {
			isa = XCBuildConfiguration;
			buildSettings = {
				ALWAYS_SEARCH_USER_PATHS = NO;
				CLANG_ANALYZER_NONNULL = YES;
				CLANG_CXX_LANGUAGE_STANDARD = "gnu++0x";
				CLANG_CXX_LIBRARY = "libc++";
				CLANG_ENABLE_MODULES = YES;
				CLANG_ENABLE_OBJC_ARC = YES;
				CLANG_WARN_BOOL_CONVERSION = YES;
				CLANG_WARN_CONSTANT_CONVERSION = YES;
				CLANG_WARN_DIRECT_OBJC_ISA_USAGE = YES_ERROR;
				CLANG_WARN_DOCUMENTATION_COMMENTS = YES;
				CLANG_WARN_EMPTY_BODY = YES;
				CLANG_WARN_ENUM_CONVERSION = YES;
				CLANG_WARN_INFINITE_RECURSION = YES;
				CLANG_WARN_INT_CONVERSION = YES;
				CLANG_WARN_OBJC_ROOT_CLASS = YES_ERROR;
				CLANG_WARN_SUSPICIOUS_MOVE = YES;
				CLANG_WARN_UNREACHABLE_CODE = YES;
				CLANG_WARN__DUPLICATE_METHOD_MATCH = YES;
				"CODE_SIGN_IDENTITY[sdk=iphoneos*]" = "iPhone Developer";
				COPY_PHASE_STRIP = NO;
				DEBUG_INFORMATION_FORMAT = dwarf;
				ENABLE_STRICT_OBJC_MSGSEND = YES;
				ENABLE_TESTABILITY = YES;
				GCC_C_LANGUAGE_STANDARD = gnu99;
				GCC_DYNAMIC_NO_PIC = NO;
				GCC_NO_COMMON_BLOCKS = YES;
				GCC_OPTIMIZATION_LEVEL = 0;
				GCC_PREPROCESSOR_DEFINITIONS = (
					"DEBUG=1",
					"$(inherited)",
				);
				GCC_WARN_64_TO_32_BIT_CONVERSION = YES;
				GCC_WARN_ABOUT_RETURN_TYPE = YES_ERROR;
				GCC_WARN_UNDECLARED_SELECTOR = YES;
				GCC_WARN_UNINITIALIZED_AUTOS = YES_AGGRESSIVE;
				GCC_WARN_UNUSED_FUNCTION = YES;
				GCC_WARN_UNUSED_VARIABLE = YES;
				IPHONEOS_DEPLOYMENT_TARGET = 10.2;
				MTL_ENABLE_DEBUG_INFO = YES;
				ONLY_ACTIVE_ARCH = YES;
				SDKROOT = iphoneos;
				SWIFT_ACTIVE_COMPILATION_CONDITIONS = DEBUG;
				SWIFT_OPTIMIZATION_LEVEL = "-Onone";
				TARGETED_DEVICE_FAMILY = "1,2";
			};
			name = Debug;
		};
		092E760F1E395CBF00FBAA31 /* Release */ = {
			isa = XCBuildConfiguration;
			buildSettings = {
				ALWAYS_SEARCH_USER_PATHS = NO;
				CLANG_ANALYZER_NONNULL = YES;
				CLANG_CXX_LANGUAGE_STANDARD = "gnu++0x";
				CLANG_CXX_LIBRARY = "libc++";
				CLANG_ENABLE_MODULES = YES;
				CLANG_ENABLE_OBJC_ARC = YES;
				CLANG_WARN_BOOL_CONVERSION = YES;
				CLANG_WARN_CONSTANT_CONVERSION = YES;
				CLANG_WARN_DIRECT_OBJC_ISA_USAGE = YES_ERROR;
				CLANG_WARN_DOCUMENTATION_COMMENTS = YES;
				CLANG_WARN_EMPTY_BODY = YES;
				CLANG_WARN_ENUM_CONVERSION = YES;
				CLANG_WARN_INFINITE_RECURSION = YES;
				CLANG_WARN_INT_CONVERSION = YES;
				CLANG_WARN_OBJC_ROOT_CLASS = YES_ERROR;
				CLANG_WARN_SUSPICIOUS_MOVE = YES;
				CLANG_WARN_UNREACHABLE_CODE = YES;
				CLANG_WARN__DUPLICATE_METHOD_MATCH = YES;
				"CODE_SIGN_IDENTITY[sdk=iphoneos*]" = "iPhone Developer";
				COPY_PHASE_STRIP = NO;
				DEBUG_INFORMATION_FORMAT = "dwarf-with-dsym";
				ENABLE_NS_ASSERTIONS = NO;
				ENABLE_STRICT_OBJC_MSGSEND = YES;
				GCC_C_LANGUAGE_STANDARD = gnu99;
				GCC_NO_COMMON_BLOCKS = YES;
				GCC_WARN_64_TO_32_BIT_CONVERSION = YES;
				GCC_WARN_ABOUT_RETURN_TYPE = YES_ERROR;
				GCC_WARN_UNDECLARED_SELECTOR = YES;
				GCC_WARN_UNINITIALIZED_AUTOS = YES_AGGRESSIVE;
				GCC_WARN_UNUSED_FUNCTION = YES;
				GCC_WARN_UNUSED_VARIABLE = YES;
				IPHONEOS_DEPLOYMENT_TARGET = 10.2;
				MTL_ENABLE_DEBUG_INFO = NO;
				SDKROOT = iphoneos;
				SWIFT_OPTIMIZATION_LEVEL = "-Owholemodule";
				TARGETED_DEVICE_FAMILY = "1,2";
				VALIDATE_PRODUCT = YES;
			};
			name = Release;
		};
		092E76111E395CBF00FBAA31 /* Debug */ = {
			isa = XCBuildConfiguration;
			buildSettings = {
				ASSETCATALOG_COMPILER_APPICON_NAME = AppIcon;
				DEVELOPMENT_TEAM = 6A4W4G6ZCH;
				INFOPLIST_FILE = TooManySecrets/Info.plist;
				IPHONEOS_DEPLOYMENT_TARGET = 9.0;
				LD_RUNPATH_SEARCH_PATHS = "$(inherited) @executable_path/Frameworks";
				PRODUCT_BUNDLE_IDENTIFIER = com.jonbott.TooManySecrets;
				PRODUCT_NAME = "$(TARGET_NAME)";
				SWIFT_SWIFT3_OBJC_INFERENCE = On;
				SWIFT_VERSION = 4.0;
			};
			name = Debug;
		};
		092E76121E395CBF00FBAA31 /* Release */ = {
			isa = XCBuildConfiguration;
			buildSettings = {
				ASSETCATALOG_COMPILER_APPICON_NAME = AppIcon;
				DEVELOPMENT_TEAM = 6A4W4G6ZCH;
				INFOPLIST_FILE = TooManySecrets/Info.plist;
				IPHONEOS_DEPLOYMENT_TARGET = 9.0;
				LD_RUNPATH_SEARCH_PATHS = "$(inherited) @executable_path/Frameworks";
				PRODUCT_BUNDLE_IDENTIFIER = com.jonbott.TooManySecrets;
				PRODUCT_NAME = "$(TARGET_NAME)";
				SWIFT_SWIFT3_OBJC_INFERENCE = On;
				SWIFT_VERSION = 4.0;
			};
			name = Release;
		};
/* End XCBuildConfiguration section */

/* Begin XCConfigurationList section */
		092E75F91E395CBF00FBAA31 /* Build configuration list for PBXProject "TooManySecrets" */ = {
			isa = XCConfigurationList;
			buildConfigurations = (
				092E760E1E395CBF00FBAA31 /* Debug */,
				092E760F1E395CBF00FBAA31 /* Release */,
			);
			defaultConfigurationIsVisible = 0;
			defaultConfigurationName = Release;
		};
		092E76101E395CBF00FBAA31 /* Build configuration list for PBXNativeTarget "TooManySecrets" */ = {
			isa = XCConfigurationList;
			buildConfigurations = (
				092E76111E395CBF00FBAA31 /* Debug */,
				092E76121E395CBF00FBAA31 /* Release */,
			);
			defaultConfigurationIsVisible = 0;
			defaultConfigurationName = Release;
		};
/* End XCConfigurationList section */
	};
	rootObject = 092E75F61E395CBF00FBAA31 /* Project object */;
}
